
Microsoft Visual Studio Solution File, Format Version 12.00
# Visual Studio 15
VisualStudioVersion = 15.0.27004.2006
MinimumVisualStudioVersion = 10.0.40219.1
Project("{FAE04EC0-301F-11D3-BF4B-00C04F79EFBC}") = "Subscriber", "Subscriber\Subscriber.csproj", "{3A216CE9-B2B8-4358-8988-862A65C300F6}"
EndProject
Global
	GlobalSection(SolutionConfigurationPlatforms) = preSolution
		Debug|Any CPU = Debug|Any CPU
		Release|Any CPU = Release|Any CPU
	EndGlobalSection
	GlobalSection(ProjectConfigurationPlatforms) = postSolution
		{3A216CE9-B2B8-4358-8988-862A65C300F6}.Debug|Any CPU.ActiveCfg = Debug|Any CPU
		{3A216CE9-B2B8-4358-8988-862A65C300F6}.Debug|Any CPU.Build.0 = Debug|Any CPU
		{3A216CE9-B2B8-4358-8988-862A65C300F6}.Release|Any CPU.ActiveCfg = Release|Any CPU
		{3A216CE9-B2B8-4358-8988-862A65C300F6}.Release|Any CPU.Build.0 = Release|Any CPU
	EndGlobalSection
	GlobalSection(SolutionProperties) = preSolution
		HideSolutionNode = FALSE
	EndGlobalSection
	GlobalSection(ExtensibilityGlobals) = postSolution
		SolutionGuid = {E5911C0A-B207-4EB9-AB59-DA7D2357F6F7}
	EndGlobalSection
EndGlobal
